
Microsoft Visual Studio Solution File, Format Version 12.00
# Visual Studio 14
VisualStudioVersion = 14.0.23107.0
MinimumVisualStudioVersion = 10.0.40219.1
Project("{FAE04EC0-301F-11D3-BF4B-00C04F79EFBC}") = "Passpad", "Passpad\Passpad.csproj", "{E2292879-35B5-42EA-821B-C60D0B40DB0A}"
EndProject
Project("{FAE04EC0-301F-11D3-BF4B-00C04F79EFBC}") = "TwofishImplementation", "TwofishImplementation\TwofishImplementation.csproj", "{2BC18641-C18B-470F-9741-38006F545A6D}"
EndProject
Project("{FAE04EC0-301F-11D3-BF4B-00C04F79EFBC}") = "BlowfishImplementation", "BlowfishImplementation\BlowfishImplementation.csproj", "{53C7C010-730F-417B-BF7F-1D334CB0921F}"
EndProject
Project("{FAE04EC0-301F-11D3-BF4B-00C04F79EFBC}") = "CastImplementation", "CastImplementation\CastImplementation.csproj", "{87D578DF-7936-418D-817D-2904600A4CC4}"
EndProject
Project("{FAE04EC0-301F-11D3-BF4B-00C04F79EFBC}") = "PassPad2", "PassPad2\PassPad2.csproj", "{05669245-5952-4E30-B321-38C1B87265BD}"
EndProject
Global
	GlobalSection(SolutionConfigurationPlatforms) = preSolution
		Debug|Any CPU = Debug|Any CPU
		Release|Any CPU = Release|Any CPU
	EndGlobalSection
	GlobalSection(ProjectConfigurationPlatforms) = postSolution
		{E2292879-35B5-42EA-821B-C60D0B40DB0A}.Debug|Any CPU.ActiveCfg = Debug|Any CPU
		{E2292879-35B5-42EA-821B-C60D0B40DB0A}.Debug|Any CPU.Build.0 = Debug|Any CPU
		{E2292879-35B5-42EA-821B-C60D0B40DB0A}.Release|Any CPU.ActiveCfg = Release|Any CPU
		{E2292879-35B5-42EA-821B-C60D0B40DB0A}.Release|Any CPU.Build.0 = Release|Any CPU
		{2BC18641-C18B-470F-9741-38006F545A6D}.Debug|Any CPU.ActiveCfg = Debug|Any CPU
		{2BC18641-C18B-470F-9741-38006F545A6D}.Debug|Any CPU.Build.0 = Debug|Any CPU
		{2BC18641-C18B-470F-9741-38006F545A6D}.Release|Any CPU.ActiveCfg = Release|Any CPU
		{2BC18641-C18B-470F-9741-38006F545A6D}.Release|Any CPU.Build.0 = Release|Any CPU
		{53C7C010-730F-417B-BF7F-1D334CB0921F}.Debug|Any CPU.ActiveCfg = Debug|Any CPU
		{53C7C010-730F-417B-BF7F-1D334CB0921F}.Debug|Any CPU.Build.0 = Debug|Any CPU
		{53C7C010-730F-417B-BF7F-1D334CB0921F}.Release|Any CPU.ActiveCfg = Release|Any CPU
		{53C7C010-730F-417B-BF7F-1D334CB0921F}.Release|Any CPU.Build.0 = Release|Any CPU
		{87D578DF-7936-418D-817D-2904600A4CC4}.Debug|Any CPU.ActiveCfg = Debug|Any CPU
		{87D578DF-7936-418D-817D-2904600A4CC4}.Debug|Any CPU.Build.0 = Debug|Any CPU
		{87D578DF-7936-418D-817D-2904600A4CC4}.Release|Any CPU.ActiveCfg = Release|Any CPU
		{87D578DF-7936-418D-817D-2904600A4CC4}.Release|Any CPU.Build.0 = Release|Any CPU
		{05669245-5952-4E30-B321-38C1B87265BD}.Debug|Any CPU.ActiveCfg = Debug|Any CPU
		{05669245-5952-4E30-B321-38C1B87265BD}.Debug|Any CPU.Build.0 = Debug|Any CPU
		{05669245-5952-4E30-B321-38C1B87265BD}.Release|Any CPU.ActiveCfg = Release|Any CPU
		{05669245-5952-4E30-B321-38C1B87265BD}.Release|Any CPU.Build.0 = Release|Any CPU
	EndGlobalSection
	GlobalSection(SolutionProperties) = preSolution
		HideSolutionNode = FALSE
	EndGlobalSection
EndGlobal
